
Microsoft Visual Studio Solution File, Format Version 12.00
# Visual Studio Version 17
VisualStudioVersion = 17.4.33110.190
MinimumVisualStudioVersion = 10.0.40219.1
Project("{FAE04EC0-301F-11D3-BF4B-00C04F79EFBC}") = "ByteBank", "ByteBank\ByteBank.csproj", "{4A5F88D9-0832-4D51-80CD-68678C800A2C}"
EndProject
Global
	GlobalSection(SolutionConfigurationPlatforms) = preSolution
		Debug|Any CPU = Debug|Any CPU
		Release|Any CPU = Release|Any CPU
	EndGlobalSection
	GlobalSection(ProjectConfigurationPlatforms) = postSolution
		{4A5F88D9-0832-4D51-80CD-68678C800A2C}.Debug|Any CPU.ActiveCfg = Debug|Any CPU
		{4A5F88D9-0832-4D51-80CD-68678C800A2C}.Debug|Any CPU.Build.0 = Debug|Any CPU
		{4A5F88D9-0832-4D51-80CD-68678C800A2C}.Release|Any CPU.ActiveCfg = Release|Any CPU
		{4A5F88D9-0832-4D51-80CD-68678C800A2C}.Release|Any CPU.Build.0 = Release|Any CPU
	EndGlobalSection
	GlobalSection(SolutionProperties) = preSolution
		HideSolutionNode = FALSE
	EndGlobalSection
	GlobalSection(ExtensibilityGlobals) = postSolution
		SolutionGuid = {2880D8E3-E45C-42A5-BD2D-CCFA54052651}
	EndGlobalSection
EndGlobal
